
Microsoft Visual Studio Solution File, Format Version 12.00
# Visual Studio 2012
Project("{FAE04EC0-301F-11D3-BF4B-00C04F79EFBC}") = "TinyGivenWhenThenParser", "TinyGivenWhenThenParser\TinyGivenWhenThenParser.csproj", "{3C3E7669-3CA1-4F0C-A677-8ABD8CCA0B26}"
EndProject
Global
	GlobalSection(SolutionConfigurationPlatforms) = preSolution
		Debug|Any CPU = Debug|Any CPU
		Release|Any CPU = Release|Any CPU
	EndGlobalSection
	GlobalSection(ProjectConfigurationPlatforms) = postSolution
		{3C3E7669-3CA1-4F0C-A677-8ABD8CCA0B26}.Debug|Any CPU.ActiveCfg = Debug|Any CPU
		{3C3E7669-3CA1-4F0C-A677-8ABD8CCA0B26}.Debug|Any CPU.Build.0 = Debug|Any CPU
		{3C3E7669-3CA1-4F0C-A677-8ABD8CCA0B26}.Release|Any CPU.ActiveCfg = Release|Any CPU
		{3C3E7669-3CA1-4F0C-A677-8ABD8CCA0B26}.Release|Any CPU.Build.0 = Release|Any CPU
	EndGlobalSection
	GlobalSection(SolutionProperties) = preSolution
		HideSolutionNode = FALSE
	EndGlobalSection
EndGlobal
